
Microsoft Visual Studio Solution File, Format Version 12.00
# Visual Studio 15
VisualStudioVersion = 15.0.26124.0
MinimumVisualStudioVersion = 15.0.26124.0
Project("{FAE04EC0-301F-11D3-BF4B-00C04F79EFBC}") = "Recrutement", "..\Recrutement\Recrutement.csproj", "{B687B03B-D1CB-4704-B91C-556BC8890824}"
EndProject
Project("{FAE04EC0-301F-11D3-BF4B-00C04F79EFBC}") = "RecrutementTest", "..\RecrutementTest\RecrutementTest.csproj", "{4DC20484-A174-4D44-8766-67B809379A7A}"
EndProject
Global
	GlobalSection(SolutionConfigurationPlatforms) = preSolution
		Debug|Any CPU = Debug|Any CPU
		Debug|x64 = Debug|x64
		Debug|x86 = Debug|x86
		Release|Any CPU = Release|Any CPU
		Release|x64 = Release|x64
		Release|x86 = Release|x86
	EndGlobalSection
	GlobalSection(SolutionProperties) = preSolution
		HideSolutionNode = FALSE
	EndGlobalSection
	GlobalSection(ProjectConfigurationPlatforms) = postSolution
		{B687B03B-D1CB-4704-B91C-556BC8890824}.Debug|Any CPU.ActiveCfg = Debug|Any CPU
		{B687B03B-D1CB-4704-B91C-556BC8890824}.Debug|Any CPU.Build.0 = Debug|Any CPU
		{B687B03B-D1CB-4704-B91C-556BC8890824}.Debug|x64.ActiveCfg = Debug|Any CPU
		{B687B03B-D1CB-4704-B91C-556BC8890824}.Debug|x64.Build.0 = Debug|Any CPU
		{B687B03B-D1CB-4704-B91C-556BC8890824}.Debug|x86.ActiveCfg = Debug|Any CPU
		{B687B03B-D1CB-4704-B91C-556BC8890824}.Debug|x86.Build.0 = Debug|Any CPU
		{B687B03B-D1CB-4704-B91C-556BC8890824}.Release|Any CPU.ActiveCfg = Release|Any CPU
		{B687B03B-D1CB-4704-B91C-556BC8890824}.Release|Any CPU.Build.0 = Release|Any CPU
		{B687B03B-D1CB-4704-B91C-556BC8890824}.Release|x64.ActiveCfg = Release|Any CPU
		{B687B03B-D1CB-4704-B91C-556BC8890824}.Release|x64.Build.0 = Release|Any CPU
		{B687B03B-D1CB-4704-B91C-556BC8890824}.Release|x86.ActiveCfg = Release|Any CPU
		{B687B03B-D1CB-4704-B91C-556BC8890824}.Release|x86.Build.0 = Release|Any CPU
		{4DC20484-A174-4D44-8766-67B809379A7A}.Debug|Any CPU.ActiveCfg = Debug|Any CPU
		{4DC20484-A174-4D44-8766-67B809379A7A}.Debug|Any CPU.Build.0 = Debug|Any CPU
		{4DC20484-A174-4D44-8766-67B809379A7A}.Debug|x64.ActiveCfg = Debug|Any CPU
		{4DC20484-A174-4D44-8766-67B809379A7A}.Debug|x64.Build.0 = Debug|Any CPU
		{4DC20484-A174-4D44-8766-67B809379A7A}.Debug|x86.ActiveCfg = Debug|Any CPU
		{4DC20484-A174-4D44-8766-67B809379A7A}.Debug|x86.Build.0 = Debug|Any CPU
		{4DC20484-A174-4D44-8766-67B809379A7A}.Release|Any CPU.ActiveCfg = Release|Any CPU
		{4DC20484-A174-4D44-8766-67B809379A7A}.Release|Any CPU.Build.0 = Release|Any CPU
		{4DC20484-A174-4D44-8766-67B809379A7A}.Release|x64.ActiveCfg = Release|Any CPU
		{4DC20484-A174-4D44-8766-67B809379A7A}.Release|x64.Build.0 = Release|Any CPU
		{4DC20484-A174-4D44-8766-67B809379A7A}.Release|x86.ActiveCfg = Release|Any CPU
		{4DC20484-A174-4D44-8766-67B809379A7A}.Release|x86.Build.0 = Release|Any CPU
	EndGlobalSection
EndGlobal
